
Microsoft Visual Studio Solution File, Format Version 12.00
# Visual Studio 15
VisualStudioVersion = 15.0.28010.2036
MinimumVisualStudioVersion = 10.0.40219.1
Project("{FAE04EC0-301F-11D3-BF4B-00C04F79EFBC}") = "Laborator 02", "Laborator 02\Laborator 02.csproj", "{736D06B5-BD44-4F97-A433-A98901C9636B}"
EndProject
Project("{FAE04EC0-301F-11D3-BF4B-00C04F79EFBC}") = "Laborator 02 Tests", "Laborator 02 Tests\Laborator 02 Tests.csproj", "{AA2FFABE-0453-4DBF-A15F-F5B3A6159487}"
EndProject
Global
	GlobalSection(SolutionConfigurationPlatforms) = preSolution
		Debug|Any CPU = Debug|Any CPU
		Release|Any CPU = Release|Any CPU
	EndGlobalSection
	GlobalSection(ProjectConfigurationPlatforms) = postSolution
		{736D06B5-BD44-4F97-A433-A98901C9636B}.Debug|Any CPU.ActiveCfg = Debug|Any CPU
		{736D06B5-BD44-4F97-A433-A98901C9636B}.Debug|Any CPU.Build.0 = Debug|Any CPU
		{736D06B5-BD44-4F97-A433-A98901C9636B}.Release|Any CPU.ActiveCfg = Release|Any CPU
		{736D06B5-BD44-4F97-A433-A98901C9636B}.Release|Any CPU.Build.0 = Release|Any CPU
		{AA2FFABE-0453-4DBF-A15F-F5B3A6159487}.Debug|Any CPU.ActiveCfg = Debug|Any CPU
		{AA2FFABE-0453-4DBF-A15F-F5B3A6159487}.Debug|Any CPU.Build.0 = Debug|Any CPU
		{AA2FFABE-0453-4DBF-A15F-F5B3A6159487}.Release|Any CPU.ActiveCfg = Release|Any CPU
		{AA2FFABE-0453-4DBF-A15F-F5B3A6159487}.Release|Any CPU.Build.0 = Release|Any CPU
	EndGlobalSection
	GlobalSection(SolutionProperties) = preSolution
		HideSolutionNode = FALSE
	EndGlobalSection
	GlobalSection(ExtensibilityGlobals) = postSolution
		SolutionGuid = {F09364FC-C125-4B9F-9A3B-56753D87B715}
	EndGlobalSection
EndGlobal
